{
  "nodes": {
    "crane": {
      "locked": {
        "lastModified": 1768873933,
        "narHash": "sha256-CfyzdaeLNGkyAHp3kT5vjvXhA1pVVK7nyDziYxCPsNk=",
        "owner": "ipetkov",
        "repo": "crane",
        "rev": "0bda7e7d005ccb5522a76d11ccfbf562b71953ca",
        "type": "github"
      },
      "original": {
        "owner": "ipetkov",
        "repo": "crane",
        "type": "github"
      }
    },
    "flake-compat": {
      "locked": {
        "lastModified": 1767039857,
        "narHash": "sha256-vNpUSpF5Nuw8xvDLj2KCwwksIbjua2LZCqhV1LNRDns=",
        "owner": "edolstra",
        "repo": "flake-compat",
        "rev": "5edf11c44bc78a0d334f6334cdaf7d60d732daab",
        "type": "github"
      },
      "original": {
        "owner": "edolstra",
        "repo": "flake-compat",
        "type": "github"
      }
    },
    "home-manager": {
      "inputs": {
        "nixpkgs": [
          "nixpkgs"
        ]
      },
      "locked": {
        "lastModified": 1768949235,
        "narHash": "sha256-TtjKgXyg1lMfh374w5uxutd6Vx2P/hU81aEhTxrO2cg=",
        "owner": "nix-community",
        "repo": "home-manager",
        "rev": "75ed713570ca17427119e7e204ab3590cc3bf2a5",
        "type": "github"
      },
      "original": {
        "owner": "nix-community",
        "ref": "release-25.11",
        "repo": "home-manager",
        "type": "github"
      }
    },
    "nixpkgs": {
      "locked": {
        "lastModified": 1769318308,
        "narHash": "sha256-Mjx6p96Pkefks3+aA+72lu1xVehb6mv2yTUUqmSet6Q=",
        "owner": "NixOS",
        "repo": "nixpkgs",
        "rev": "1cd347bf3355fce6c64ab37d3967b4a2cb4b878c",
        "type": "github"
      },
      "original": {
        "owner": "NixOS",
        "ref": "nixos-25.11",
        "repo": "nixpkgs",
        "type": "github"
      }
    },
    "nixpkgs-unstable": {
      "locked": {
        "lastModified": 1769538724,
        "narHash": "sha256-q5cnoCHQJJCN1vf9HdA+MxXyslnjsJljbL9tF1BUdOw=",
        "owner": "NixOS",
        "repo": "nixpkgs",
        "rev": "a165ec5812397c678bf9c029bda5fabb9225d304",
        "type": "github"
      },
      "original": {
        "owner": "NixOS",
        "ref": "master",
        "repo": "nixpkgs",
        "type": "github"
      }
    },
    "opencode": {
      "inputs": {
        "nixpkgs": [
          "nixpkgs-unstable"
        ]
      },
      "locked": {
        "lastModified": 1769535810,
        "narHash": "sha256-zMV5933q5pE1BChGmesV5VS3xUE/Dh2AZaFSZFCtfiM=",
        "owner": "anomalyco",
        "repo": "opencode",
        "rev": "32ce0f4b0d1a5015c965676c9feae341b13b87a5",
        "type": "github"
      },
      "original": {
        "owner": "anomalyco",
        "repo": "opencode",
        "type": "github"
      }
    },
    "root": {
      "inputs": {
        "home-manager": "home-manager",
        "nixpkgs": "nixpkgs",
        "nixpkgs-unstable": "nixpkgs-unstable",
        "opencode": "opencode",
        "zed": "zed"
      }
    },
    "rust-overlay": {
      "inputs": {
        "nixpkgs": [
          "zed",
          "nixpkgs"
        ]
      },
      "locked": {
        "lastModified": 1769136478,
        "narHash": "sha256-8UNd5lmGf8phCr/aKxagJ4kNsF0pCHLish2G4ZKCFFY=",
        "owner": "oxalica",
        "repo": "rust-overlay",
        "rev": "470ee44393bb19887056b557ea2c03fc5230bd5a",
        "type": "github"
      },
      "original": {
        "owner": "oxalica",
        "repo": "rust-overlay",
        "type": "github"
      }
    },
    "zed": {
      "inputs": {
        "crane": "crane",
        "flake-compat": "flake-compat",
        "nixpkgs": [
          "nixpkgs-unstable"
        ],
        "rust-overlay": "rust-overlay"
      },
      "locked": {
        "lastModified": 1769539063,
        "narHash": "sha256-F4SUuyELF42hVMHp6f7SYuMmBqhtEYrg/TZ2Bkr9fL0=",
        "owner": "zed-industries",
        "repo": "zed",
        "rev": "4ffe748461cbe39eaa84b3074a198b61c8464255",
        "type": "github"
      },
      "original": {
        "owner": "zed-industries",
        "repo": "zed",
        "type": "github"
      }
    }
  },
  "root": "root",
  "version": 7
}
